{
  "name": "corujinha",
  "version": "1.0.0",
  "lockfileVersion": 1,
  "requires": true,
  "dependencies": {
    "bootstrap": {
      "version": "5.0.0-beta1",
      "resolved": "https://registry.npmjs.org/bootstrap/-/bootstrap-5.0.0-beta1.tgz",
      "integrity": "sha512-UrHApw/WRmT7l2rlDdn5iXr7Jps/LlMZtJlLn9G41aGDfss48hyDeYyHtX1C6NHKVcmdUarGG+ve0LZB5iHyTQ=="
    },
    "lg-thumbnail.js": {
      "version": "1.2.0",
      "resolved": "https://registry.npmjs.org/lg-thumbnail.js/-/lg-thumbnail.js-1.2.0.tgz",
      "integrity": "sha512-qmNFbjLv1spCf3sB8HRX9vW8UtKcgq7qJIg10jLqCozSquhTJwSPUb5vyPgl3cZpgLFjRMiOpIRgBjGrX4inNQ=="
    },
    "lg-zoom.js": {
      "version": "1.3.0",
      "resolved": "https://registry.npmjs.org/lg-zoom.js/-/lg-zoom.js-1.3.0.tgz",
      "integrity": "sha512-qoI0gH+jWw58O6BhJdGWDY2LD4bymp5aEoyGoXhn/KzAcHV2o0RynPMcV0v3RGvpDottISr9Sa2cyAm2hAdxRQ=="
    },
    "lightgallery.js": {
      "version": "1.4.0",
      "resolved": "https://registry.npmjs.org/lightgallery.js/-/lightgallery.js-1.4.0.tgz",
      "integrity": "sha512-TK7auNMSz0sPjotq/VtKH/fe8GPkVRlmFf8F3zVsbFccLJL4r3U1VON+IggyE8Wy04QwbFQxTIIMqL7blibGSA=="
    }
  }
}
